
Microsoft Visual Studio Solution File, Format Version 12.00
# Visual Studio Version 17
VisualStudioVersion = 17.1.32414.318
MinimumVisualStudioVersion = 10.0.40219.1
Project("{FAE04EC0-301F-11D3-BF4B-00C04F79EFBC}") = "DemoMinimalAPI", "DemoMinimalAPI\DemoMinimalAPI.csproj", "{08755B06-39A4-4BF7-BF58-B90BE4FB174B}"
EndProject
Global
	GlobalSection(SolutionConfigurationPlatforms) = preSolution
		Debug|Any CPU = Debug|Any CPU
		Release|Any CPU = Release|Any CPU
	EndGlobalSection
	GlobalSection(ProjectConfigurationPlatforms) = postSolution
		{08755B06-39A4-4BF7-BF58-B90BE4FB174B}.Debug|Any CPU.ActiveCfg = Debug|Any CPU
		{08755B06-39A4-4BF7-BF58-B90BE4FB174B}.Debug|Any CPU.Build.0 = Debug|Any CPU
		{08755B06-39A4-4BF7-BF58-B90BE4FB174B}.Release|Any CPU.ActiveCfg = Release|Any CPU
		{08755B06-39A4-4BF7-BF58-B90BE4FB174B}.Release|Any CPU.Build.0 = Release|Any CPU
	EndGlobalSection
	GlobalSection(SolutionProperties) = preSolution
		HideSolutionNode = FALSE
	EndGlobalSection
	GlobalSection(ExtensibilityGlobals) = postSolution
		SolutionGuid = {D8D8AD0A-323D-46D7-B34C-811685CD8FF6}
	EndGlobalSection
EndGlobal
